
Microsoft Visual Studio Solution File, Format Version 12.00
# Visual Studio Version 16
VisualStudioVersion = 16.0.31321.278
MinimumVisualStudioVersion = 10.0.40219.1
Project("{FAE04EC0-301F-11D3-BF4B-00C04F79EFBC}") = "IS-3-19-MenshikovAA", "IS-3-19-MenshikovAA\IS-3-19-MenshikovAA.csproj", "{6C21FBE5-7D73-40EE-BB48-27B7FE50B884}"
EndProject
Global
	GlobalSection(SolutionConfigurationPlatforms) = preSolution
		Debug|Any CPU = Debug|Any CPU
		Release|Any CPU = Release|Any CPU
	EndGlobalSection
	GlobalSection(ProjectConfigurationPlatforms) = postSolution
		{6C21FBE5-7D73-40EE-BB48-27B7FE50B884}.Debug|Any CPU.ActiveCfg = Debug|Any CPU
		{6C21FBE5-7D73-40EE-BB48-27B7FE50B884}.Debug|Any CPU.Build.0 = Debug|Any CPU
		{6C21FBE5-7D73-40EE-BB48-27B7FE50B884}.Release|Any CPU.ActiveCfg = Release|Any CPU
		{6C21FBE5-7D73-40EE-BB48-27B7FE50B884}.Release|Any CPU.Build.0 = Release|Any CPU
	EndGlobalSection
	GlobalSection(SolutionProperties) = preSolution
		HideSolutionNode = FALSE
	EndGlobalSection
	GlobalSection(ExtensibilityGlobals) = postSolution
		SolutionGuid = {2C3EFBFD-CBE6-441A-A5D2-278B05ED47D7}
	EndGlobalSection
EndGlobal
